
Microsoft Visual Studio Solution File, Format Version 12.00
# Visual Studio Version 16
VisualStudioVersion = 16.0.32228.343
MinimumVisualStudioVersion = 10.0.40219.1
Project("{FAE04EC0-301F-11D3-BF4B-00C04F79EFBC}") = "idpicture_page", "idpicture_page.csproj", "{1F9CB963-D1D6-48AA-A79F-A27361AD904E}"
EndProject
Global
	GlobalSection(SolutionConfigurationPlatforms) = preSolution
		Debug|Any CPU = Debug|Any CPU
		Release|Any CPU = Release|Any CPU
	EndGlobalSection
	GlobalSection(ProjectConfigurationPlatforms) = postSolution
		{1F9CB963-D1D6-48AA-A79F-A27361AD904E}.Debug|Any CPU.ActiveCfg = Debug|Any CPU
		{1F9CB963-D1D6-48AA-A79F-A27361AD904E}.Debug|Any CPU.Build.0 = Debug|Any CPU
		{1F9CB963-D1D6-48AA-A79F-A27361AD904E}.Release|Any CPU.ActiveCfg = Release|Any CPU
		{1F9CB963-D1D6-48AA-A79F-A27361AD904E}.Release|Any CPU.Build.0 = Release|Any CPU
	EndGlobalSection
	GlobalSection(SolutionProperties) = preSolution
		HideSolutionNode = FALSE
	EndGlobalSection
	GlobalSection(ExtensibilityGlobals) = postSolution
		SolutionGuid = {D519F815-BEE3-4EAA-8F79-43C9E4C5B27B}
	EndGlobalSection
EndGlobal
